# THIS IS AN AUTOGENERATED FILE. DO NOT EDIT THIS FILE DIRECTLY.
# yarn lockfile v1


"@coreui/react@^4.9.2":
  version "4.9.2"
  resolved "https://registry.yarnpkg.com/@coreui/react/-/react-4.9.2.tgz#273e9fbfd1436be4bdfcabdc141f0dba55cdd94a"
  integrity sha512-oQ8wGpnZNRoPiRShcPYkOWbZcGLA637f1S0bmM/IjP9Po5FJWtek34LAuadhrLElOqa12Sv4seo3vupNcYBeEQ==
